
Microsoft Visual Studio Solution File, Format Version 12.00
# Visual Studio 14
VisualStudioVersion = 14.0.24627.0
MinimumVisualStudioVersion = 10.0.40219.1
Project("{2150E333-8FDC-42A3-9474-1A3956D46DE8}") = "src", "src", "{2B2BD444-3E51-4FA2-9078-234529067BC2}"
EndProject
Project("{2150E333-8FDC-42A3-9474-1A3956D46DE8}") = "Solution Items", "Solution Items", "{66D800AB-7839-411D-8CF0-EAA989D0A337}"
	ProjectSection(SolutionItems) = preProject
		global.json = global.json
		NuGet.Config = NuGet.Config
	EndProjectSection
EndProject
Project("{8BB2217D-0F2D-49D1-97BC-3654ED321F3B}") = "windy.aspnet5", "src\windy.aspnet5\windy.aspnet5.xproj", "{5D4F3E94-0016-465A-861D-3CB12BD0F5EE}"
EndProject
Global
	GlobalSection(SolutionConfigurationPlatforms) = preSolution
		Debug|Any CPU = Debug|Any CPU
		Release|Any CPU = Release|Any CPU
	EndGlobalSection
	GlobalSection(ProjectConfigurationPlatforms) = postSolution
		{5D4F3E94-0016-465A-861D-3CB12BD0F5EE}.Debug|Any CPU.ActiveCfg = Debug|Any CPU
		{5D4F3E94-0016-465A-861D-3CB12BD0F5EE}.Debug|Any CPU.Build.0 = Debug|Any CPU
		{5D4F3E94-0016-465A-861D-3CB12BD0F5EE}.Release|Any CPU.ActiveCfg = Release|Any CPU
		{5D4F3E94-0016-465A-861D-3CB12BD0F5EE}.Release|Any CPU.Build.0 = Release|Any CPU
	EndGlobalSection
	GlobalSection(SolutionProperties) = preSolution
		HideSolutionNode = FALSE
	EndGlobalSection
	GlobalSection(NestedProjects) = preSolution
		{5D4F3E94-0016-465A-861D-3CB12BD0F5EE} = {2B2BD444-3E51-4FA2-9078-234529067BC2}
	EndGlobalSection
EndGlobal
